// !$*UTF8*$!
{
	archiveVersion = 1;
	classes = {
	};
	objectVersion = 46;
	objects = {

/* Begin PBXBuildFile section */
		9A5A8F0C1C9FA1B9001EDE6D /* main.m in Sources */ = {isa = PBXBuildFile; fileRef = 9A5A8F0B1C9FA1B9001EDE6D /* main.m */; };
		9A5A8F0F1C9FA1B9001EDE6D /* AppDelegate.m in Sources */ = {isa = PBXBuildFile; fileRef = 9A5A8F0E1C9FA1B9001EDE6D /* AppDelegate.m */; };
		9A5A8F121C9FA1B9001EDE6D /* ViewController.m in Sources */ = {isa = PBXBuildFile; fileRef = 9A5A8F111C9FA1B9001EDE6D /* ViewController.m */; };
		9A5A8F151C9FA1B9001EDE6D /* Main.storyboard in Resources */ = {isa = PBXBuildFile; fileRef = 9A5A8F131C9FA1B9001EDE6D /* Main.storyboard */; };
		9A5A8F171C9FA1B9001EDE6D /* Assets.xcassets in Resources */ = {isa = PBXBuildFile; fileRef = 9A5A8F161C9FA1B9001EDE6D /* Assets.xcassets */; };
		9A5A8F1A1C9FA1B9001EDE6D /* LaunchScreen.storyboard in Resources */ = {isa = PBXBuildFile; fileRef = 9A5A8F181C9FA1B9001EDE6D /* LaunchScreen.storyboard */; };
		9A5A8F251C9FA1B9001EDE6D /* couchbaseTests.m in Sources */ = {isa = PBXBuildFile; fileRef = 9A5A8F241C9FA1B9001EDE6D /* couchbaseTests.m */; };
		9A5A8F301C9FA1B9001EDE6D /* couchbaseUITests.m in Sources */ = {isa = PBXBuildFile; fileRef = 9A5A8F2F1C9FA1B9001EDE6D /* couchbaseUITests.m */; };
		9A5A8F431C9FACCA001EDE6D /* couchDemo.m in Sources */ = {isa = PBXBuildFile; fileRef = 9A5A8F421C9FACCA001EDE6D /* couchDemo.m */; };
		9A5A8F551CA0F7C6001EDE6D /* CalendarManager.m in Sources */ = {isa = PBXBuildFile; fileRef = 9A5A8F541CA0F7C6001EDE6D /* CalendarManager.m */; };
		9A5A8FCE1CA13DB8001EDE6D /* CBLHTTPConnection.m in Sources */ = {isa = PBXBuildFile; fileRef = 9A5A8FC21CA13DB8001EDE6D /* CBLHTTPConnection.m */; };
		9A5A8FCF1CA13DB8001EDE6D /* CBLHTTPResponse.m in Sources */ = {isa = PBXBuildFile; fileRef = 9A5A8FC41CA13DB8001EDE6D /* CBLHTTPResponse.m */; };
		9A5A8FD01CA13DB8001EDE6D /* CBLHTTPServer.m in Sources */ = {isa = PBXBuildFile; fileRef = 9A5A8FC61CA13DB8001EDE6D /* CBLHTTPServer.m */; };
		9A5A8FD11CA13DB8001EDE6D /* CBLListener.m in Sources */ = {isa = PBXBuildFile; fileRef = 9A5A8FC81CA13DB8001EDE6D /* CBLListener.m */; };
		9A5A8FD21CA13DB8001EDE6D /* CouchbaseLiteListener-Info.plist in Resources */ = {isa = PBXBuildFile; fileRef = 9A5A8FC91CA13DB8001EDE6D /* CouchbaseLiteListener-Info.plist */; };
		9A5A8FD31CA13DB8001EDE6D /* CouchbaseLiteListener.exp in Sources */ = {isa = PBXBuildFile; fileRef = 9A5A8FCA1CA13DB8001EDE6D /* CouchbaseLiteListener.exp */; };
		9A5A8FD41CA13DB8001EDE6D /* InfoPlist.strings in Resources */ = {isa = PBXBuildFile; fileRef = 9A5A8FCB1CA13DB8001EDE6D /* InfoPlist.strings */; };
		9A5A8FD81CA13E01001EDE6D /* HTTPServer.m in Sources */ = {isa = PBXBuildFile; fileRef = 9A5A8FD71CA13E01001EDE6D /* HTTPServer.m */; };
		9A5A8FDB1CA13E92001EDE6D /* HTTPConnection.m in Sources */ = {isa = PBXBuildFile; fileRef = 9A5A8FDA1CA13E92001EDE6D /* HTTPConnection.m */; };
		9AC4D0B61CA1737100D572A0 /* CFNetwork.framework in Frameworks */ = {isa = PBXBuildFile; fileRef = 9AC4D0B51CA1737100D572A0 /* CFNetwork.framework */; };
		E698FB0E993AB70FFA1177C2 /* libPods.a in Frameworks */ = {isa = PBXBuildFile; fileRef = 3B0644D3035991544217EF06 /* libPods.a */; };
/* End PBXBuildFile section */

/* Begin PBXContainerItemProxy section */
		9A5A8F211C9FA1B9001EDE6D /* PBXContainerItemProxy */ = {
			isa = PBXContainerItemProxy;
			containerPortal = 9A5A8EFF1C9FA1B9001EDE6D /* Project object */;
			proxyType = 1;
			remoteGlobalIDString = 9A5A8F061C9FA1B9001EDE6D;
			remoteInfo = couchbase;
		};
		9A5A8F2C1C9FA1B9001EDE6D /* PBXContainerItemProxy */ = {
			isa = PBXContainerItemProxy;
			containerPortal = 9A5A8EFF1C9FA1B9001EDE6D /* Project object */;
			proxyType = 1;
			remoteGlobalIDString = 9A5A8F061C9FA1B9001EDE6D;
			remoteInfo = couchbase;
		};
/* End PBXContainerItemProxy section */

/* Begin PBXFileReference section */
		1168FA1714A4030B6E8FF4AF /* Pods.debug.xcconfig */ = {isa = PBXFileReference; includeInIndex = 1; lastKnownFileType = text.xcconfig; name = Pods.debug.xcconfig; path = "Pods/Target Support Files/Pods/Pods.debug.xcconfig"; sourceTree = "<group>"; };
		26D01349D4FF8EA2C3E632AC /* Pods.release.xcconfig */ = {isa = PBXFileReference; includeInIndex = 1; lastKnownFileType = text.xcconfig; name = Pods.release.xcconfig; path = "Pods/Target Support Files/Pods/Pods.release.xcconfig"; sourceTree = "<group>"; };
		3B0644D3035991544217EF06 /* libPods.a */ = {isa = PBXFileReference; explicitFileType = archive.ar; includeInIndex = 0; path = libPods.a; sourceTree = BUILT_PRODUCTS_DIR; };
		9A5A8F071C9FA1B9001EDE6D /* couchbase.app */ = {isa = PBXFileReference; explicitFileType = wrapper.application; includeInIndex = 0; path = couchbase.app; sourceTree = BUILT_PRODUCTS_DIR; };
		9A5A8F0B1C9FA1B9001EDE6D /* main.m */ = {isa = PBXFileReference; lastKnownFileType = sourcecode.c.objc; path = main.m; sourceTree = "<group>"; };
		9A5A8F0D1C9FA1B9001EDE6D /* AppDelegate.h */ = {isa = PBXFileReference; lastKnownFileType = sourcecode.c.h; path = AppDelegate.h; sourceTree = "<group>"; };
		9A5A8F0E1C9FA1B9001EDE6D /* AppDelegate.m */ = {isa = PBXFileReference; lastKnownFileType = sourcecode.c.objc; path = AppDelegate.m; sourceTree = "<group>"; };
		9A5A8F101C9FA1B9001EDE6D /* ViewController.h */ = {isa = PBXFileReference; lastKnownFileType = sourcecode.c.h; path = ViewController.h; sourceTree = "<group>"; };
		9A5A8F111C9FA1B9001EDE6D /* ViewController.m */ = {isa = PBXFileReference; lastKnownFileType = sourcecode.c.objc; path = ViewController.m; sourceTree = "<group>"; };
		9A5A8F141C9FA1B9001EDE6D /* Base */ = {isa = PBXFileReference; lastKnownFileType = file.storyboard; name = Base; path = Base.lproj/Main.storyboard; sourceTree = "<group>"; };
		9A5A8F161C9FA1B9001EDE6D /* Assets.xcassets */ = {isa = PBXFileReference; lastKnownFileType = folder.assetcatalog; path = Assets.xcassets; sourceTree = "<group>"; };
		9A5A8F191C9FA1B9001EDE6D /* Base */ = {isa = PBXFileReference; lastKnownFileType = file.storyboard; name = Base; path = Base.lproj/LaunchScreen.storyboard; sourceTree = "<group>"; };
		9A5A8F1B1C9FA1B9001EDE6D /* Info.plist */ = {isa = PBXFileReference; lastKnownFileType = text.plist.xml; path = Info.plist; sourceTree = "<group>"; };
		9A5A8F201C9FA1B9001EDE6D /* couchbaseTests.xctest */ = {isa = PBXFileReference; explicitFileType = wrapper.cfbundle; includeInIndex = 0; path = couchbaseTests.xctest; sourceTree = BUILT_PRODUCTS_DIR; };
		9A5A8F241C9FA1B9001EDE6D /* couchbaseTests.m */ = {isa = PBXFileReference; lastKnownFileType = sourcecode.c.objc; path = couchbaseTests.m; sourceTree = "<group>"; };
		9A5A8F261C9FA1B9001EDE6D /* Info.plist */ = {isa = PBXFileReference; lastKnownFileType = text.plist.xml; path = Info.plist; sourceTree = "<group>"; };
		9A5A8F2B1C9FA1B9001EDE6D /* couchbaseUITests.xctest */ = {isa = PBXFileReference; explicitFileType = wrapper.cfbundle; includeInIndex = 0; path = couchbaseUITests.xctest; sourceTree = BUILT_PRODUCTS_DIR; };
		9A5A8F2F1C9FA1B9001EDE6D /* couchbaseUITests.m */ = {isa = PBXFileReference; lastKnownFileType = sourcecode.c.objc; path = couchbaseUITests.m; sourceTree = "<group>"; };
		9A5A8F311C9FA1B9001EDE6D /* Info.plist */ = {isa = PBXFileReference; lastKnownFileType = text.plist.xml; path = Info.plist; sourceTree = "<group>"; };
		9A5A8F3D1C9FAC32001EDE6D /* couchbasePro.h */ = {isa = PBXFileReference; fileEncoding = 4; lastKnownFileType = sourcecode.c.h; path = couchbasePro.h; sourceTree = "<group>"; };
		9A5A8F411C9FACCA001EDE6D /* couchDemo.h */ = {isa = PBXFileReference; fileEncoding = 4; lastKnownFileType = sourcecode.c.h; path = couchDemo.h; sourceTree = "<group>"; };
		9A5A8F421C9FACCA001EDE6D /* couchDemo.m */ = {isa = PBXFileReference; fileEncoding = 4; lastKnownFileType = sourcecode.c.objc; path = couchDemo.m; sourceTree = "<group>"; };
		9A5A8F531CA0F7C6001EDE6D /* CalendarManager.h */ = {isa = PBXFileReference; fileEncoding = 4; lastKnownFileType = sourcecode.c.h; path = CalendarManager.h; sourceTree = "<group>"; };
		9A5A8F541CA0F7C6001EDE6D /* CalendarManager.m */ = {isa = PBXFileReference; fileEncoding = 4; lastKnownFileType = sourcecode.c.objc; path = CalendarManager.m; sourceTree = "<group>"; };
		9A5A8FC11CA13DB8001EDE6D /* CBLHTTPConnection.h */ = {isa = PBXFileReference; fileEncoding = 4; lastKnownFileType = sourcecode.c.h; path = CBLHTTPConnection.h; sourceTree = "<group>"; };
		9A5A8FC21CA13DB8001EDE6D /* CBLHTTPConnection.m */ = {isa = PBXFileReference; fileEncoding = 4; lastKnownFileType = sourcecode.c.objc; path = CBLHTTPConnection.m; sourceTree = "<group>"; };
		9A5A8FC31CA13DB8001EDE6D /* CBLHTTPResponse.h */ = {isa = PBXFileReference; fileEncoding = 4; lastKnownFileType = sourcecode.c.h; path = CBLHTTPResponse.h; sourceTree = "<group>"; };
		9A5A8FC41CA13DB8001EDE6D /* CBLHTTPResponse.m */ = {isa = PBXFileReference; fileEncoding = 4; lastKnownFileType = sourcecode.c.objc; path = CBLHTTPResponse.m; sourceTree = "<group>"; };
		9A5A8FC51CA13DB8001EDE6D /* CBLHTTPServer.h */ = {isa = PBXFileReference; fileEncoding = 4; lastKnownFileType = sourcecode.c.h; path = CBLHTTPServer.h; sourceTree = "<group>"; };
		9A5A8FC61CA13DB8001EDE6D /* CBLHTTPServer.m */ = {isa = PBXFileReference; fileEncoding = 4; lastKnownFileType = sourcecode.c.objc; path = CBLHTTPServer.m; sourceTree = "<group>"; };
		9A5A8FC71CA13DB8001EDE6D /* CBLListener.h */ = {isa = PBXFileReference; fileEncoding = 4; lastKnownFileType = sourcecode.c.h; path = CBLListener.h; sourceTree = "<group>"; };
		9A5A8FC81CA13DB8001EDE6D /* CBLListener.m */ = {isa = PBXFileReference; fileEncoding = 4; lastKnownFileType = sourcecode.c.objc; path = CBLListener.m; sourceTree = "<group>"; };
		9A5A8FC91CA13DB8001EDE6D /* CouchbaseLiteListener-Info.plist */ = {isa = PBXFileReference; fileEncoding = 4; lastKnownFileType = text.plist.xml; path = "CouchbaseLiteListener-Info.plist"; sourceTree = "<group>"; };
		9A5A8FCA1CA13DB8001EDE6D /* CouchbaseLiteListener.exp */ = {isa = PBXFileReference; fileEncoding = 4; lastKnownFileType = sourcecode.exports; path = CouchbaseLiteListener.exp; sourceTree = "<group>"; };
		9A5A8FCC1CA13DB8001EDE6D /* en */ = {isa = PBXFileReference; lastKnownFileType = text.plist.strings; name = en; path = en.lproj/InfoPlist.strings; sourceTree = "<group>"; };
		9A5A8FD61CA13E01001EDE6D /* HTTPServer.h */ = {isa = PBXFileReference; fileEncoding = 4; lastKnownFileType = sourcecode.c.h; path = HTTPServer.h; sourceTree = "<group>"; };
		9A5A8FD71CA13E01001EDE6D /* HTTPServer.m */ = {isa = PBXFileReference; fileEncoding = 4; lastKnownFileType = sourcecode.c.objc; path = HTTPServer.m; sourceTree = "<group>"; };
		9A5A8FD91CA13E92001EDE6D /* HTTPConnection.h */ = {isa = PBXFileReference; fileEncoding = 4; lastKnownFileType = sourcecode.c.h; path = HTTPConnection.h; sourceTree = "<group>"; };
		9A5A8FDA1CA13E92001EDE6D /* HTTPConnection.m */ = {isa = PBXFileReference; fileEncoding = 4; lastKnownFileType = sourcecode.c.objc; path = HTTPConnection.m; sourceTree = "<group>"; };
		9AC4D0B51CA1737100D572A0 /* CFNetwork.framework */ = {isa = PBXFileReference; lastKnownFileType = wrapper.framework; name = CFNetwork.framework; path = System/Library/Frameworks/CFNetwork.framework; sourceTree = SDKROOT; };
/* End PBXFileReference section */

/* Begin PBXFrameworksBuildPhase section */
		9A5A8F041C9FA1B9001EDE6D /* Frameworks */ = {
			isa = PBXFrameworksBuildPhase;
			buildActionMask = 2147483647;
			files = (
				9AC4D0B61CA1737100D572A0 /* CFNetwork.framework in Frameworks */,
				E698FB0E993AB70FFA1177C2 /* libPods.a in Frameworks */,
			);
			runOnlyForDeploymentPostprocessing = 0;
		};
		9A5A8F1D1C9FA1B9001EDE6D /* Frameworks */ = {
			isa = PBXFrameworksBuildPhase;
			buildActionMask = 2147483647;
			files = (
			);
			runOnlyForDeploymentPostprocessing = 0;
		};
		9A5A8F281C9FA1B9001EDE6D /* Frameworks */ = {
			isa = PBXFrameworksBuildPhase;
			buildActionMask = 2147483647;
			files = (
			);
			runOnlyForDeploymentPostprocessing = 0;
		};
/* End PBXFrameworksBuildPhase section */

/* Begin PBXGroup section */
		3A564438080D1E2853CD8D89 /* Frameworks */ = {
			isa = PBXGroup;
			children = (
				9AC4D0B51CA1737100D572A0 /* CFNetwork.framework */,
				3B0644D3035991544217EF06 /* libPods.a */,
			);
			name = Frameworks;
			sourceTree = "<group>";
		};
		9A5A8EFE1C9FA1B9001EDE6D = {
			isa = PBXGroup;
			children = (
				9A5A8FC01CA13DB8001EDE6D /* Listener */,
				9A5A8F091C9FA1B9001EDE6D /* couchbase */,
				9A5A8F231C9FA1B9001EDE6D /* couchbaseTests */,
				9A5A8F2E1C9FA1B9001EDE6D /* couchbaseUITests */,
				9A5A8F081C9FA1B9001EDE6D /* Products */,
				C49AACB4D5A37757F69F36C8 /* Pods */,
				3A564438080D1E2853CD8D89 /* Frameworks */,
			);
			sourceTree = "<group>";
		};
		9A5A8F081C9FA1B9001EDE6D /* Products */ = {
			isa = PBXGroup;
			children = (
				9A5A8F071C9FA1B9001EDE6D /* couchbase.app */,
				9A5A8F201C9FA1B9001EDE6D /* couchbaseTests.xctest */,
				9A5A8F2B1C9FA1B9001EDE6D /* couchbaseUITests.xctest */,
			);
			name = Products;
			sourceTree = "<group>";
		};
		9A5A8F091C9FA1B9001EDE6D /* couchbase */ = {
			isa = PBXGroup;
			children = (
				9A5A8F0D1C9FA1B9001EDE6D /* AppDelegate.h */,
				9A5A8F0E1C9FA1B9001EDE6D /* AppDelegate.m */,
				9A5A8F101C9FA1B9001EDE6D /* ViewController.h */,
				9A5A8F111C9FA1B9001EDE6D /* ViewController.m */,
				9A5A8F3D1C9FAC32001EDE6D /* couchbasePro.h */,
				9A5A8F411C9FACCA001EDE6D /* couchDemo.h */,
				9A5A8F421C9FACCA001EDE6D /* couchDemo.m */,
				9A5A8F531CA0F7C6001EDE6D /* CalendarManager.h */,
				9A5A8F541CA0F7C6001EDE6D /* CalendarManager.m */,
				9A5A8F131C9FA1B9001EDE6D /* Main.storyboard */,
				9A5A8F161C9FA1B9001EDE6D /* Assets.xcassets */,
				9A5A8F181C9FA1B9001EDE6D /* LaunchScreen.storyboard */,
				9A5A8F1B1C9FA1B9001EDE6D /* Info.plist */,
				9A5A8F0A1C9FA1B9001EDE6D /* Supporting Files */,
			);
			path = couchbase;
			sourceTree = "<group>";
		};
		9A5A8F0A1C9FA1B9001EDE6D /* Supporting Files */ = {
			isa = PBXGroup;
			children = (
				9A5A8F0B1C9FA1B9001EDE6D /* main.m */,
			);
			name = "Supporting Files";
			sourceTree = "<group>";
		};
		9A5A8F231C9FA1B9001EDE6D /* couchbaseTests */ = {
			isa = PBXGroup;
			children = (
				9A5A8F241C9FA1B9001EDE6D /* couchbaseTests.m */,
				9A5A8F261C9FA1B9001EDE6D /* Info.plist */,
			);
			path = couchbaseTests;
			sourceTree = "<group>";
		};
		9A5A8F2E1C9FA1B9001EDE6D /* couchbaseUITests */ = {
			isa = PBXGroup;
			children = (
				9A5A8F2F1C9FA1B9001EDE6D /* couchbaseUITests.m */,
				9A5A8F311C9FA1B9001EDE6D /* Info.plist */,
			);
			path = couchbaseUITests;
			sourceTree = "<group>";
		};
		9A5A8FC01CA13DB8001EDE6D /* Listener */ = {
			isa = PBXGroup;
			children = (
				9A5A8FC11CA13DB8001EDE6D /* CBLHTTPConnection.h */,
				9A5A8FC21CA13DB8001EDE6D /* CBLHTTPConnection.m */,
				9A5A8FC31CA13DB8001EDE6D /* CBLHTTPResponse.h */,
				9A5A8FC41CA13DB8001EDE6D /* CBLHTTPResponse.m */,
				9A5A8FC51CA13DB8001EDE6D /* CBLHTTPServer.h */,
				9A5A8FC61CA13DB8001EDE6D /* CBLHTTPServer.m */,
				9A5A8FC71CA13DB8001EDE6D /* CBLListener.h */,
				9A5A8FC81CA13DB8001EDE6D /* CBLListener.m */,
				9A5A8FD61CA13E01001EDE6D /* HTTPServer.h */,
				9A5A8FD71CA13E01001EDE6D /* HTTPServer.m */,
				9A5A8FD91CA13E92001EDE6D /* HTTPConnection.h */,
				9A5A8FDA1CA13E92001EDE6D /* HTTPConnection.m */,
				9A5A8FC91CA13DB8001EDE6D /* CouchbaseLiteListener-Info.plist */,
				9A5A8FCA1CA13DB8001EDE6D /* CouchbaseLiteListener.exp */,
				9A5A8FCB1CA13DB8001EDE6D /* InfoPlist.strings */,
			);
			path = Listener;
			sourceTree = "<group>";
		};
		C49AACB4D5A37757F69F36C8 /* Pods */ = {
			isa = PBXGroup;
			children = (
				1168FA1714A4030B6E8FF4AF /* Pods.debug.xcconfig */,
				26D01349D4FF8EA2C3E632AC /* Pods.release.xcconfig */,
			);
			name = Pods;
			sourceTree = "<group>";
		};
/* End PBXGroup section */

/* Begin PBXNativeTarget section */
		9A5A8F061C9FA1B9001EDE6D /* couchbase */ = {
			isa = PBXNativeTarget;
			buildConfigurationList = 9A5A8F341C9FA1B9001EDE6D /* Build configuration list for PBXNativeTarget "couchbase" */;
			buildPhases = (
				0F295584BD892DE386561BB9 /* Check Pods Manifest.lock */,
				9A5A8F031C9FA1B9001EDE6D /* Sources */,
				9A5A8F041C9FA1B9001EDE6D /* Frameworks */,
				9A5A8F051C9FA1B9001EDE6D /* Resources */,
				64B12914A993CD5806427E50 /* Embed Pods Frameworks */,
				8238E1C6AF72B79EA9AB7C81 /* Copy Pods Resources */,
			);
			buildRules = (
			);
			dependencies = (
			);
			name = couchbase;
			productName = couchbase;
			productReference = 9A5A8F071C9FA1B9001EDE6D /* couchbase.app */;
			productType = "com.apple.product-type.application";
		};
		9A5A8F1F1C9FA1B9001EDE6D /* couchbaseTests */ = {
			isa = PBXNativeTarget;
			buildConfigurationList = 9A5A8F371C9FA1B9001EDE6D /* Build configuration list for PBXNativeTarget "couchbaseTests" */;
			buildPhases = (
				9A5A8F1C1C9FA1B9001EDE6D /* Sources */,
				9A5A8F1D1C9FA1B9001EDE6D /* Frameworks */,
				9A5A8F1E1C9FA1B9001EDE6D /* Resources */,
			);
			buildRules = (
			);
			dependencies = (
				9A5A8F221C9FA1B9001EDE6D /* PBXTargetDependency */,
			);
			name = couchbaseTests;
			productName = couchbaseTests;
			productReference = 9A5A8F201C9FA1B9001EDE6D /* couchbaseTests.xctest */;
			productType = "com.apple.product-type.bundle.unit-test";
		};
		9A5A8F2A1C9FA1B9001EDE6D /* couchbaseUITests */ = {
			isa = PBXNativeTarget;
			buildConfigurationList = 9A5A8F3A1C9FA1B9001EDE6D /* Build configuration list for PBXNativeTarget "couchbaseUITests" */;
			buildPhases = (
				9A5A8F271C9FA1B9001EDE6D /* Sources */,
				9A5A8F281C9FA1B9001EDE6D /* Frameworks */,
				9A5A8F291C9FA1B9001EDE6D /* Resources */,
			);
			buildRules = (
			);
			dependencies = (
				9A5A8F2D1C9FA1B9001EDE6D /* PBXTargetDependency */,
			);
			name = couchbaseUITests;
			productName = couchbaseUITests;
			productReference = 9A5A8F2B1C9FA1B9001EDE6D /* couchbaseUITests.xctest */;
			productType = "com.apple.product-type.bundle.ui-testing";
		};
/* End PBXNativeTarget section */

/* Begin PBXProject section */
		9A5A8EFF1C9FA1B9001EDE6D /* Project object */ = {
			isa = PBXProject;
			attributes = {
				LastUpgradeCheck = 0720;
				ORGANIZATIONNAME = patient;
				TargetAttributes = {
					9A5A8F061C9FA1B9001EDE6D = {
						CreatedOnToolsVersion = 7.2.1;
					};
					9A5A8F1F1C9FA1B9001EDE6D = {
						CreatedOnToolsVersion = 7.2.1;
						TestTargetID = 9A5A8F061C9FA1B9001EDE6D;
					};
					9A5A8F2A1C9FA1B9001EDE6D = {
						CreatedOnToolsVersion = 7.2.1;
						TestTargetID = 9A5A8F061C9FA1B9001EDE6D;
					};
				};
			};
			buildConfigurationList = 9A5A8F021C9FA1B9001EDE6D /* Build configuration list for PBXProject "couchbase" */;
			compatibilityVersion = "Xcode 3.2";
			developmentRegion = English;
			hasScannedForEncodings = 0;
			knownRegions = (
				en,
				Base,
			);
			mainGroup = 9A5A8EFE1C9FA1B9001EDE6D;
			productRefGroup = 9A5A8F081C9FA1B9001EDE6D /* Products */;
			projectDirPath = "";
			projectRoot = "";
			targets = (
				9A5A8F061C9FA1B9001EDE6D /* couchbase */,
				9A5A8F1F1C9FA1B9001EDE6D /* couchbaseTests */,
				9A5A8F2A1C9FA1B9001EDE6D /* couchbaseUITests */,
			);
		};
/* End PBXProject section */

/* Begin PBXResourcesBuildPhase section */
		9A5A8F051C9FA1B9001EDE6D /* Resources */ = {
			isa = PBXResourcesBuildPhase;
			buildActionMask = 2147483647;
			files = (
				9A5A8FD21CA13DB8001EDE6D /* CouchbaseLiteListener-Info.plist in Resources */,
				9A5A8F1A1C9FA1B9001EDE6D /* LaunchScreen.storyboard in Resources */,
				9A5A8F171C9FA1B9001EDE6D /* Assets.xcassets in Resources */,
				9A5A8F151C9FA1B9001EDE6D /* Main.storyboard in Resources */,
				9A5A8FD41CA13DB8001EDE6D /* InfoPlist.strings in Resources */,
			);
			runOnlyForDeploymentPostprocessing = 0;
		};
		9A5A8F1E1C9FA1B9001EDE6D /* Resources */ = {
			isa = PBXResourcesBuildPhase;
			buildActionMask = 2147483647;
			files = (
			);
			runOnlyForDeploymentPostprocessing = 0;
		};
		9A5A8F291C9FA1B9001EDE6D /* Resources */ = {
			isa = PBXResourcesBuildPhase;
			buildActionMask = 2147483647;
			files = (
			);
			runOnlyForDeploymentPostprocessing = 0;
		};
/* End PBXResourcesBuildPhase section */

/* Begin PBXShellScriptBuildPhase section */
		0F295584BD892DE386561BB9 /* Check Pods Manifest.lock */ = {
			isa = PBXShellScriptBuildPhase;
			buildActionMask = 2147483647;
			files = (
			);
			inputPaths = (
			);
			name = "Check Pods Manifest.lock";
			outputPaths = (
			);
			runOnlyForDeploymentPostprocessing = 0;
			shellPath = /bin/sh;
			shellScript = "diff \"${PODS_ROOT}/../Podfile.lock\" \"${PODS_ROOT}/Manifest.lock\" > /dev/null\nif [[ $? != 0 ]] ; then\n    cat << EOM\nerror: The sandbox is not in sync with the Podfile.lock. Run 'pod install' or update your CocoaPods installation.\nEOM\n    exit 1\nfi\n";
			showEnvVarsInLog = 0;
		};
		64B12914A993CD5806427E50 /* Embed Pods Frameworks */ = {
			isa = PBXShellScriptBuildPhase;
			buildActionMask = 2147483647;
			files = (
			);
			inputPaths = (
			);
			name = "Embed Pods Frameworks";
			outputPaths = (
			);
			runOnlyForDeploymentPostprocessing = 0;
			shellPath = /bin/sh;
			shellScript = "\"${SRCROOT}/Pods/Target Support Files/Pods/Pods-frameworks.sh\"\n";
			showEnvVarsInLog = 0;
		};
		8238E1C6AF72B79EA9AB7C81 /* Copy Pods Resources */ = {
			isa = PBXShellScriptBuildPhase;
			buildActionMask = 2147483647;
			files = (
			);
			inputPaths = (
			);
			name = "Copy Pods Resources";
			outputPaths = (
			);
			runOnlyForDeploymentPostprocessing = 0;
			shellPath = /bin/sh;
			shellScript = "\"${SRCROOT}/Pods/Target Support Files/Pods/Pods-resources.sh\"\n";
			showEnvVarsInLog = 0;
		};
/* End PBXShellScriptBuildPhase section */

/* Begin PBXSourcesBuildPhase section */
		9A5A8F031C9FA1B9001EDE6D /* Sources */ = {
			isa = PBXSourcesBuildPhase;
			buildActionMask = 2147483647;
			files = (
				9A5A8F551CA0F7C6001EDE6D /* CalendarManager.m in Sources */,
				9A5A8FD31CA13DB8001EDE6D /* CouchbaseLiteListener.exp in Sources */,
				9A5A8F121C9FA1B9001EDE6D /* ViewController.m in Sources */,
				9A5A8FD11CA13DB8001EDE6D /* CBLListener.m in Sources */,
				9A5A8FD01CA13DB8001EDE6D /* CBLHTTPServer.m in Sources */,
				9A5A8FD81CA13E01001EDE6D /* HTTPServer.m in Sources */,
				9A5A8F431C9FACCA001EDE6D /* couchDemo.m in Sources */,
				9A5A8FDB1CA13E92001EDE6D /* HTTPConnection.m in Sources */,
				9A5A8F0F1C9FA1B9001EDE6D /* AppDelegate.m in Sources */,
				9A5A8F0C1C9FA1B9001EDE6D /* main.m in Sources */,
				9A5A8FCE1CA13DB8001EDE6D /* CBLHTTPConnection.m in Sources */,
				9A5A8FCF1CA13DB8001EDE6D /* CBLHTTPResponse.m in Sources */,
			);
			runOnlyForDeploymentPostprocessing = 0;
		};
		9A5A8F1C1C9FA1B9001EDE6D /* Sources */ = {
			isa = PBXSourcesBuildPhase;
			buildActionMask = 2147483647;
			files = (
				9A5A8F251C9FA1B9001EDE6D /* couchbaseTests.m in Sources */,
			);
			runOnlyForDeploymentPostprocessing = 0;
		};
		9A5A8F271C9FA1B9001EDE6D /* Sources */ = {
			isa = PBXSourcesBuildPhase;
			buildActionMask = 2147483647;
			files = (
				9A5A8F301C9FA1B9001EDE6D /* couchbaseUITests.m in Sources */,
			);
			runOnlyForDeploymentPostprocessing = 0;
		};
/* End PBXSourcesBuildPhase section */

/* Begin PBXTargetDependency section */
		9A5A8F221C9FA1B9001EDE6D /* PBXTargetDependency */ = {
			isa = PBXTargetDependency;
			target = 9A5A8F061C9FA1B9001EDE6D /* couchbase */;
			targetProxy = 9A5A8F211C9FA1B9001EDE6D /* PBXContainerItemProxy */;
		};
		9A5A8F2D1C9FA1B9001EDE6D /* PBXTargetDependency */ = {
			isa = PBXTargetDependency;
			target = 9A5A8F061C9FA1B9001EDE6D /* couchbase */;
			targetProxy = 9A5A8F2C1C9FA1B9001EDE6D /* PBXContainerItemProxy */;
		};
/* End PBXTargetDependency section */

/* Begin PBXVariantGroup section */
		9A5A8F131C9FA1B9001EDE6D /* Main.storyboard */ = {
			isa = PBXVariantGroup;
			children = (
				9A5A8F141C9FA1B9001EDE6D /* Base */,
			);
			name = Main.storyboard;
			sourceTree = "<group>";
		};
		9A5A8F181C9FA1B9001EDE6D /* LaunchScreen.storyboard */ = {
			isa = PBXVariantGroup;
			children = (
				9A5A8F191C9FA1B9001EDE6D /* Base */,
			);
			name = LaunchScreen.storyboard;
			sourceTree = "<group>";
		};
		9A5A8FCB1CA13DB8001EDE6D /* InfoPlist.strings */ = {
			isa = PBXVariantGroup;
			children = (
				9A5A8FCC1CA13DB8001EDE6D /* en */,
			);
			name = InfoPlist.strings;
			sourceTree = "<group>";
		};
/* End PBXVariantGroup section */

/* Begin XCBuildConfiguration section */
		9A5A8F321C9FA1B9001EDE6D /* Debug */ = {
			isa = XCBuildConfiguration;
			buildSettings = {
				ALWAYS_SEARCH_USER_PATHS = NO;
				CLANG_CXX_LANGUAGE_STANDARD = "gnu++0x";
				CLANG_CXX_LIBRARY = "libc++";
				CLANG_ENABLE_MODULES = YES;
				CLANG_ENABLE_OBJC_ARC = YES;
				CLANG_WARN_BOOL_CONVERSION = YES;
				CLANG_WARN_CONSTANT_CONVERSION = YES;
				CLANG_WARN_DIRECT_OBJC_ISA_USAGE = YES_ERROR;
				CLANG_WARN_EMPTY_BODY = YES;
				CLANG_WARN_ENUM_CONVERSION = YES;
				CLANG_WARN_INT_CONVERSION = YES;
				CLANG_WARN_OBJC_ROOT_CLASS = YES_ERROR;
				CLANG_WARN_UNREACHABLE_CODE = YES;
				CLANG_WARN__DUPLICATE_METHOD_MATCH = YES;
				"CODE_SIGN_IDENTITY[sdk=iphoneos*]" = "iPhone Developer";
				COPY_PHASE_STRIP = NO;
				DEBUG_INFORMATION_FORMAT = dwarf;
				ENABLE_STRICT_OBJC_MSGSEND = YES;
				ENABLE_TESTABILITY = YES;
				GCC_C_LANGUAGE_STANDARD = gnu99;
				GCC_DYNAMIC_NO_PIC = NO;
				GCC_NO_COMMON_BLOCKS = YES;
				GCC_OPTIMIZATION_LEVEL = 0;
				GCC_PREPROCESSOR_DEFINITIONS = (
					"DEBUG=1",
					"$(inherited)",
				);
				GCC_WARN_64_TO_32_BIT_CONVERSION = YES;
				GCC_WARN_ABOUT_RETURN_TYPE = YES_ERROR;
				GCC_WARN_UNDECLARED_SELECTOR = YES;
				GCC_WARN_UNINITIALIZED_AUTOS = YES_AGGRESSIVE;
				GCC_WARN_UNUSED_FUNCTION = YES;
				GCC_WARN_UNUSED_VARIABLE = YES;
				IPHONEOS_DEPLOYMENT_TARGET = 9.2;
				MTL_ENABLE_DEBUG_INFO = YES;
				ONLY_ACTIVE_ARCH = YES;
				SDKROOT = iphoneos;
				TARGETED_DEVICE_FAMILY = "1,2";
			};
			name = Debug;
		};
		9A5A8F331C9FA1B9001EDE6D /* Release */ = {
			isa = XCBuildConfiguration;
			buildSettings = {
				ALWAYS_SEARCH_USER_PATHS = NO;
				CLANG_CXX_LANGUAGE_STANDARD = "gnu++0x";
				CLANG_CXX_LIBRARY = "libc++";
				CLANG_ENABLE_MODULES = YES;
				CLANG_ENABLE_OBJC_ARC = YES;
				CLANG_WARN_BOOL_CONVERSION = YES;
				CLANG_WARN_CONSTANT_CONVERSION = YES;
				CLANG_WARN_DIRECT_OBJC_ISA_USAGE = YES_ERROR;
				CLANG_WARN_EMPTY_BODY = YES;
				CLANG_WARN_ENUM_CONVERSION = YES;
				CLANG_WARN_INT_CONVERSION = YES;
				CLANG_WARN_OBJC_ROOT_CLASS = YES_ERROR;
				CLANG_WARN_UNREACHABLE_CODE = YES;
				CLANG_WARN__DUPLICATE_METHOD_MATCH = YES;
				"CODE_SIGN_IDENTITY[sdk=iphoneos*]" = "iPhone Developer";
				COPY_PHASE_STRIP = NO;
				DEBUG_INFORMATION_FORMAT = "dwarf-with-dsym";
				ENABLE_NS_ASSERTIONS = NO;
				ENABLE_STRICT_OBJC_MSGSEND = YES;
				GCC_C_LANGUAGE_STANDARD = gnu99;
				GCC_NO_COMMON_BLOCKS = YES;
				GCC_WARN_64_TO_32_BIT_CONVERSION = YES;
				GCC_WARN_ABOUT_RETURN_TYPE = YES_ERROR;
				GCC_WARN_UNDECLARED_SELECTOR = YES;
				GCC_WARN_UNINITIALIZED_AUTOS = YES_AGGRESSIVE;
				GCC_WARN_UNUSED_FUNCTION = YES;
				GCC_WARN_UNUSED_VARIABLE = YES;
				IPHONEOS_DEPLOYMENT_TARGET = 9.2;
				MTL_ENABLE_DEBUG_INFO = NO;
				SDKROOT = iphoneos;
				TARGETED_DEVICE_FAMILY = "1,2";
				VALIDATE_PRODUCT = YES;
			};
			name = Release;
		};
		9A5A8F351C9FA1B9001EDE6D /* Debug */ = {
			isa = XCBuildConfiguration;
			baseConfigurationReference = 1168FA1714A4030B6E8FF4AF /* Pods.debug.xcconfig */;
			buildSettings = {
				ASSETCATALOG_COMPILER_APPICON_NAME = AppIcon;
				INFOPLIST_FILE = couchbase/Info.plist;
				LD_RUNPATH_SEARCH_PATHS = "$(inherited) @executable_path/Frameworks";
				PRODUCT_BUNDLE_IDENTIFIER = com.HooLay.couchbase;
				PRODUCT_NAME = "$(TARGET_NAME)";
				USER_HEADER_SEARCH_PATHS = "$(PODS_ROOT)/React/React/**";
			};
			name = Debug;
		};
		9A5A8F361C9FA1B9001EDE6D /* Release */ = {
			isa = XCBuildConfiguration;
			baseConfigurationReference = 26D01349D4FF8EA2C3E632AC /* Pods.release.xcconfig */;
			buildSettings = {
				ASSETCATALOG_COMPILER_APPICON_NAME = AppIcon;
				INFOPLIST_FILE = couchbase/Info.plist;
				LD_RUNPATH_SEARCH_PATHS = "$(inherited) @executable_path/Frameworks";
				PRODUCT_BUNDLE_IDENTIFIER = com.HooLay.couchbase;
				PRODUCT_NAME = "$(TARGET_NAME)";
				USER_HEADER_SEARCH_PATHS = "$(PODS_ROOT)/React/React/**";
			};
			name = Release;
		};
		9A5A8F381C9FA1B9001EDE6D /* Debug */ = {
			isa = XCBuildConfiguration;
			buildSettings = {
				BUNDLE_LOADER = "$(TEST_HOST)";
				INFOPLIST_FILE = couchbaseTests/Info.plist;
				LD_RUNPATH_SEARCH_PATHS = "$(inherited) @executable_path/Frameworks @loader_path/Frameworks";
				PRODUCT_BUNDLE_IDENTIFIER = com.HooLay.couchbaseTests;
				PRODUCT_NAME = "$(TARGET_NAME)";
				TEST_HOST = "$(BUILT_PRODUCTS_DIR)/couchbase.app/couchbase";
			};
			name = Debug;
		};
		9A5A8F391C9FA1B9001EDE6D /* Release */ = {
			isa = XCBuildConfiguration;
			buildSettings = {
				BUNDLE_LOADER = "$(TEST_HOST)";
				INFOPLIST_FILE = couchbaseTests/Info.plist;
				LD_RUNPATH_SEARCH_PATHS = "$(inherited) @executable_path/Frameworks @loader_path/Frameworks";
				PRODUCT_BUNDLE_IDENTIFIER = com.HooLay.couchbaseTests;
				PRODUCT_NAME = "$(TARGET_NAME)";
				TEST_HOST = "$(BUILT_PRODUCTS_DIR)/couchbase.app/couchbase";
			};
			name = Release;
		};
		9A5A8F3B1C9FA1B9001EDE6D /* Debug */ = {
			isa = XCBuildConfiguration;
			buildSettings = {
				INFOPLIST_FILE = couchbaseUITests/Info.plist;
				LD_RUNPATH_SEARCH_PATHS = "$(inherited) @executable_path/Frameworks @loader_path/Frameworks";
				PRODUCT_BUNDLE_IDENTIFIER = com.HooLay.couchbaseUITests;
				PRODUCT_NAME = "$(TARGET_NAME)";
				TEST_TARGET_NAME = couchbase;
				USES_XCTRUNNER = YES;
			};
			name = Debug;
		};
		9A5A8F3C1C9FA1B9001EDE6D /* Release */ = {
			isa = XCBuildConfiguration;
			buildSettings = {
				INFOPLIST_FILE = couchbaseUITests/Info.plist;
				LD_RUNPATH_SEARCH_PATHS = "$(inherited) @executable_path/Frameworks @loader_path/Frameworks";
				PRODUCT_BUNDLE_IDENTIFIER = com.HooLay.couchbaseUITests;
				PRODUCT_NAME = "$(TARGET_NAME)";
				TEST_TARGET_NAME = couchbase;
				USES_XCTRUNNER = YES;
			};
			name = Release;
		};
/* End XCBuildConfiguration section */

/* Begin XCConfigurationList section */
		9A5A8F021C9FA1B9001EDE6D /* Build configuration list for PBXProject "couchbase" */ = {
			isa = XCConfigurationList;
			buildConfigurations = (
				9A5A8F321C9FA1B9001EDE6D /* Debug */,
				9A5A8F331C9FA1B9001EDE6D /* Release */,
			);
			defaultConfigurationIsVisible = 0;
			defaultConfigurationName = Release;
		};
		9A5A8F341C9FA1B9001EDE6D /* Build configuration list for PBXNativeTarget "couchbase" */ = {
			isa = XCConfigurationList;
			buildConfigurations = (
				9A5A8F351C9FA1B9001EDE6D /* Debug */,
				9A5A8F361C9FA1B9001EDE6D /* Release */,
			);
			defaultConfigurationIsVisible = 0;
			defaultConfigurationName = Release;
		};
		9A5A8F371C9FA1B9001EDE6D /* Build configuration list for PBXNativeTarget "couchbaseTests" */ = {
			isa = XCConfigurationList;
			buildConfigurations = (
				9A5A8F381C9FA1B9001EDE6D /* Debug */,
				9A5A8F391C9FA1B9001EDE6D /* Release */,
			);
			defaultConfigurationIsVisible = 0;
			defaultConfigurationName = Release;
		};
		9A5A8F3A1C9FA1B9001EDE6D /* Build configuration list for PBXNativeTarget "couchbaseUITests" */ = {
			isa = XCConfigurationList;
			buildConfigurations = (
				9A5A8F3B1C9FA1B9001EDE6D /* Debug */,
				9A5A8F3C1C9FA1B9001EDE6D /* Release */,
			);
			defaultConfigurationIsVisible = 0;
			defaultConfigurationName = Release;
		};
/* End XCConfigurationList section */
	};
	rootObject = 9A5A8EFF1C9FA1B9001EDE6D /* Project object */;
}
